
Microsoft Visual Studio Solution File, Format Version 12.00
# Visual Studio Version 17
VisualStudioVersion = 17.5.33502.453
MinimumVisualStudioVersion = 10.0.40219.1
Project("{FAE04EC0-301F-11D3-BF4B-00C04F79EFBC}") = "GameApp", "GameApp\GameApp.csproj", "{2908BEB5-1BC6-4248-81C8-58BF79F472D0}"
EndProject
Project("{FAE04EC0-301F-11D3-BF4B-00C04F79EFBC}") = "GameApp.Editor", "GameApp.Editor\GameApp.Editor.csproj", "{4C7E1C01-27FB-459B-8677-A2A6556ED524}"
EndProject
Global
	GlobalSection(SolutionConfigurationPlatforms) = preSolution
		Debug|Any CPU = Debug|Any CPU
		Release|Any CPU = Release|Any CPU
	EndGlobalSection
	GlobalSection(ProjectConfigurationPlatforms) = postSolution
		{2908BEB5-1BC6-4248-81C8-58BF79F472D0}.Debug|Any CPU.ActiveCfg = Debug|Any CPU
		{2908BEB5-1BC6-4248-81C8-58BF79F472D0}.Debug|Any CPU.Build.0 = Debug|Any CPU
		{2908BEB5-1BC6-4248-81C8-58BF79F472D0}.Release|Any CPU.ActiveCfg = Release|Any CPU
		{2908BEB5-1BC6-4248-81C8-58BF79F472D0}.Release|Any CPU.Build.0 = Release|Any CPU
		{4C7E1C01-27FB-459B-8677-A2A6556ED524}.Debug|Any CPU.ActiveCfg = Debug|Any CPU
		{4C7E1C01-27FB-459B-8677-A2A6556ED524}.Debug|Any CPU.Build.0 = Debug|Any CPU
		{4C7E1C01-27FB-459B-8677-A2A6556ED524}.Release|Any CPU.ActiveCfg = Release|Any CPU
		{4C7E1C01-27FB-459B-8677-A2A6556ED524}.Release|Any CPU.Build.0 = Release|Any CPU
	EndGlobalSection
	GlobalSection(SolutionProperties) = preSolution
		HideSolutionNode = FALSE
	EndGlobalSection
	GlobalSection(ExtensibilityGlobals) = postSolution
		SolutionGuid = {BEF70B2B-45C7-4B57-B912-77D29D99ED1E}
	EndGlobalSection
EndGlobal
